
Microsoft Visual Studio Solution File, Format Version 12.00
# Visual Studio Version 18
VisualStudioVersion = 18.7.11919.86 stable
MinimumVisualStudioVersion = 10.0.40219.1
Project("{FAE04EC0-301F-11D3-BF4B-00C04F79EFBC}") = "WebCon.Plugins.Signing.Autenti", "WebCon.Plugins.Signing.Autenti\WebCon.Plugins.Signing.Autenti.csproj", "{4FCE86D1-18F5-490A-AFFB-F2C9342FF275}"
EndProject
Global
	GlobalSection(SolutionConfigurationPlatforms) = preSolution
		Debug|Any CPU = Debug|Any CPU
		Release|Any CPU = Release|Any CPU
	EndGlobalSection
	GlobalSection(ProjectConfigurationPlatforms) = postSolution
		{4FCE86D1-18F5-490A-AFFB-F2C9342FF275}.Debug|Any CPU.ActiveCfg = Debug|Any CPU
		{4FCE86D1-18F5-490A-AFFB-F2C9342FF275}.Debug|Any CPU.Build.0 = Debug|Any CPU
		{4FCE86D1-18F5-490A-AFFB-F2C9342FF275}.Release|Any CPU.ActiveCfg = Release|Any CPU
		{4FCE86D1-18F5-490A-AFFB-F2C9342FF275}.Release|Any CPU.Build.0 = Release|Any CPU
	EndGlobalSection
	GlobalSection(SolutionProperties) = preSolution
		HideSolutionNode = FALSE
	EndGlobalSection
	GlobalSection(ExtensibilityGlobals) = postSolution
		SolutionGuid = {EDADFAA7-9F69-4A02-B86B-9FADB5C72709}
	EndGlobalSection
EndGlobal
